
Microsoft Visual Studio Solution File, Format Version 12.00
# Visual Studio Version 17
VisualStudioVersion = 17.1.32328.378
MinimumVisualStudioVersion = 10.0.40219.1
Project("{FAE04EC0-301F-11D3-BF4B-00C04F79EFBC}") = "FastWriter", "FastWriter\FastWriter.csproj", "{25C221A5-C5A0-44EB-A2C1-A89BFE2ADAD9}"
EndProject
Global
	GlobalSection(SolutionConfigurationPlatforms) = preSolution
		Debug|Any CPU = Debug|Any CPU
		Release|Any CPU = Release|Any CPU
	EndGlobalSection
	GlobalSection(ProjectConfigurationPlatforms) = postSolution
		{25C221A5-C5A0-44EB-A2C1-A89BFE2ADAD9}.Debug|Any CPU.ActiveCfg = Debug|Any CPU
		{25C221A5-C5A0-44EB-A2C1-A89BFE2ADAD9}.Debug|Any CPU.Build.0 = Debug|Any CPU
		{25C221A5-C5A0-44EB-A2C1-A89BFE2ADAD9}.Release|Any CPU.ActiveCfg = Release|Any CPU
		{25C221A5-C5A0-44EB-A2C1-A89BFE2ADAD9}.Release|Any CPU.Build.0 = Release|Any CPU
	EndGlobalSection
	GlobalSection(SolutionProperties) = preSolution
		HideSolutionNode = FALSE
	EndGlobalSection
	GlobalSection(ExtensibilityGlobals) = postSolution
		SolutionGuid = {9449CED6-B6CD-4BCA-9F26-53C5B0379A03}
	EndGlobalSection
EndGlobal
