
Microsoft Visual Studio Solution File, Format Version 12.00
# Visual Studio Version 17
VisualStudioVersion = 17.1.32328.378
MinimumVisualStudioVersion = 10.0.40219.1
Project("{FAE04EC0-301F-11D3-BF4B-00C04F79EFBC}") = "TypingText", "TypingText\TypingText.csproj", "{ABC66CCA-7038-4CAE-9069-7781D9C4E649}"
EndProject
Global
	GlobalSection(SolutionConfigurationPlatforms) = preSolution
		Debug|Any CPU = Debug|Any CPU
		Release|Any CPU = Release|Any CPU
	EndGlobalSection
	GlobalSection(ProjectConfigurationPlatforms) = postSolution
		{ABC66CCA-7038-4CAE-9069-7781D9C4E649}.Debug|Any CPU.ActiveCfg = Debug|Any CPU
		{ABC66CCA-7038-4CAE-9069-7781D9C4E649}.Debug|Any CPU.Build.0 = Debug|Any CPU
		{ABC66CCA-7038-4CAE-9069-7781D9C4E649}.Release|Any CPU.ActiveCfg = Release|Any CPU
		{ABC66CCA-7038-4CAE-9069-7781D9C4E649}.Release|Any CPU.Build.0 = Release|Any CPU
	EndGlobalSection
	GlobalSection(SolutionProperties) = preSolution
		HideSolutionNode = FALSE
	EndGlobalSection
	GlobalSection(ExtensibilityGlobals) = postSolution
		SolutionGuid = {E9480175-247D-4D23-B58D-31DFB373797C}
	EndGlobalSection
EndGlobal
